
Microsoft Visual Studio Solution File, Format Version 12.00
# Visual Studio Version 17
VisualStudioVersion = 17.9.34728.123
MinimumVisualStudioVersion = 10.0.40219.1
Project("{2150E333-8FDC-42A3-9474-1A3956D46DE8}") = "src", "src", "{94DC176C-DF45-462C-BA08-EF846FDDA106}"
EndProject
Project("{2150E333-8FDC-42A3-9474-1A3956D46DE8}") = "Api", "Api", "{D8232116-B285-43FF-8221-702C7F6636A5}"
EndProject
Project("{2150E333-8FDC-42A3-9474-1A3956D46DE8}") = "Core", "Core", "{71A97CF2-E90C-4AB0-B86E-8A7D4E936421}"
EndProject
Project("{2150E333-8FDC-42A3-9474-1A3956D46DE8}") = "Infrastructure", "Infrastructure", "{49940475-52FC-450A-82E0-18381C825B99}"
EndProject
Project("{2150E333-8FDC-42A3-9474-1A3956D46DE8}") = "Common", "Common", "{FFD9CD18-7937-4852-922C-7EED0CB2721D}"
EndProject
Project("{FAE04EC0-301F-11D3-BF4B-00C04F79EFBC}") = "Traking.Vehiculos.Api", "src\Traking.Vehiculos.Api\Traking.Vehiculos.Api.csproj", "{C8FECBDB-F1FE-47B7-8A80-855A0E565FA3}"
EndProject
Project("{FAE04EC0-301F-11D3-BF4B-00C04F79EFBC}") = "Traking.Vehiculos.Domain", "src\Traking.Vehiculos.Domain\Traking.Vehiculos.Domain.csproj", "{6C876EC2-D7AF-496C-B386-B33C18797344}"
EndProject
Project("{FAE04EC0-301F-11D3-BF4B-00C04F79EFBC}") = "Traking.Vehiculos.Application", "src\Traking.Vehiculos.Application\Traking.Vehiculos.Application.csproj", "{38AC85FF-FB88-4272-9F72-619A1837532D}"
EndProject
Project("{FAE04EC0-301F-11D3-BF4B-00C04F79EFBC}") = "Traking.Vehiculos.Persistence", "src\Traking.Vehiculos.Persistence\Traking.Vehiculos.Persistence.csproj", "{77E24246-EA83-47C8-8819-6F2679EC2895}"
EndProject
Project("{FAE04EC0-301F-11D3-BF4B-00C04F79EFBC}") = "Traking.Vehiculos.External", "src\Traking.Vehiculos.External\Traking.Vehiculos.External.csproj", "{5D85A557-110F-4B8A-BAF7-9CBC1A828227}"
EndProject
Project("{FAE04EC0-301F-11D3-BF4B-00C04F79EFBC}") = "Traking.Vehiculos.Common", "src\Traking.Vehiculos.Common\Traking.Vehiculos.Common.csproj", "{47E0F7E8-7526-4850-8145-16842C43A750}"
EndProject
Global
	GlobalSection(SolutionConfigurationPlatforms) = preSolution
		Debug|Any CPU = Debug|Any CPU
		Release|Any CPU = Release|Any CPU
	EndGlobalSection
	GlobalSection(ProjectConfigurationPlatforms) = postSolution
		{C8FECBDB-F1FE-47B7-8A80-855A0E565FA3}.Debug|Any CPU.ActiveCfg = Debug|Any CPU
		{C8FECBDB-F1FE-47B7-8A80-855A0E565FA3}.Debug|Any CPU.Build.0 = Debug|Any CPU
		{C8FECBDB-F1FE-47B7-8A80-855A0E565FA3}.Release|Any CPU.ActiveCfg = Release|Any CPU
		{C8FECBDB-F1FE-47B7-8A80-855A0E565FA3}.Release|Any CPU.Build.0 = Release|Any CPU
		{6C876EC2-D7AF-496C-B386-B33C18797344}.Debug|Any CPU.ActiveCfg = Debug|Any CPU
		{6C876EC2-D7AF-496C-B386-B33C18797344}.Debug|Any CPU.Build.0 = Debug|Any CPU
		{6C876EC2-D7AF-496C-B386-B33C18797344}.Release|Any CPU.ActiveCfg = Release|Any CPU
		{6C876EC2-D7AF-496C-B386-B33C18797344}.Release|Any CPU.Build.0 = Release|Any CPU
		{38AC85FF-FB88-4272-9F72-619A1837532D}.Debug|Any CPU.ActiveCfg = Debug|Any CPU
		{38AC85FF-FB88-4272-9F72-619A1837532D}.Debug|Any CPU.Build.0 = Debug|Any CPU
		{38AC85FF-FB88-4272-9F72-619A1837532D}.Release|Any CPU.ActiveCfg = Release|Any CPU
		{38AC85FF-FB88-4272-9F72-619A1837532D}.Release|Any CPU.Build.0 = Release|Any CPU
		{77E24246-EA83-47C8-8819-6F2679EC2895}.Debug|Any CPU.ActiveCfg = Debug|Any CPU
		{77E24246-EA83-47C8-8819-6F2679EC2895}.Debug|Any CPU.Build.0 = Debug|Any CPU
		{77E24246-EA83-47C8-8819-6F2679EC2895}.Release|Any CPU.ActiveCfg = Release|Any CPU
		{77E24246-EA83-47C8-8819-6F2679EC2895}.Release|Any CPU.Build.0 = Release|Any CPU
		{5D85A557-110F-4B8A-BAF7-9CBC1A828227}.Debug|Any CPU.ActiveCfg = Debug|Any CPU
		{5D85A557-110F-4B8A-BAF7-9CBC1A828227}.Debug|Any CPU.Build.0 = Debug|Any CPU
		{5D85A557-110F-4B8A-BAF7-9CBC1A828227}.Release|Any CPU.ActiveCfg = Release|Any CPU
		{5D85A557-110F-4B8A-BAF7-9CBC1A828227}.Release|Any CPU.Build.0 = Release|Any CPU
		{47E0F7E8-7526-4850-8145-16842C43A750}.Debug|Any CPU.ActiveCfg = Debug|Any CPU
		{47E0F7E8-7526-4850-8145-16842C43A750}.Debug|Any CPU.Build.0 = Debug|Any CPU
		{47E0F7E8-7526-4850-8145-16842C43A750}.Release|Any CPU.ActiveCfg = Release|Any CPU
		{47E0F7E8-7526-4850-8145-16842C43A750}.Release|Any CPU.Build.0 = Release|Any CPU
	EndGlobalSection
	GlobalSection(SolutionProperties) = preSolution
		HideSolutionNode = FALSE
	EndGlobalSection
	GlobalSection(NestedProjects) = preSolution
		{D8232116-B285-43FF-8221-702C7F6636A5} = {94DC176C-DF45-462C-BA08-EF846FDDA106}
		{71A97CF2-E90C-4AB0-B86E-8A7D4E936421} = {94DC176C-DF45-462C-BA08-EF846FDDA106}
		{49940475-52FC-450A-82E0-18381C825B99} = {94DC176C-DF45-462C-BA08-EF846FDDA106}
		{FFD9CD18-7937-4852-922C-7EED0CB2721D} = {94DC176C-DF45-462C-BA08-EF846FDDA106}
		{C8FECBDB-F1FE-47B7-8A80-855A0E565FA3} = {D8232116-B285-43FF-8221-702C7F6636A5}
		{6C876EC2-D7AF-496C-B386-B33C18797344} = {71A97CF2-E90C-4AB0-B86E-8A7D4E936421}
		{38AC85FF-FB88-4272-9F72-619A1837532D} = {71A97CF2-E90C-4AB0-B86E-8A7D4E936421}
		{77E24246-EA83-47C8-8819-6F2679EC2895} = {49940475-52FC-450A-82E0-18381C825B99}
		{5D85A557-110F-4B8A-BAF7-9CBC1A828227} = {49940475-52FC-450A-82E0-18381C825B99}
		{47E0F7E8-7526-4850-8145-16842C43A750} = {FFD9CD18-7937-4852-922C-7EED0CB2721D}
	EndGlobalSection
	GlobalSection(ExtensibilityGlobals) = postSolution
		SolutionGuid = {5B8FC4A6-BF7A-4B5E-AF24-86A6D6041A0D}
	EndGlobalSection
EndGlobal
